// !$*UTF8*$!
{
	archiveVersion = 1;
	classes = {
	};
	objectVersion = 56;
	objects = {

/* Begin PBXBuildFile section */
		235B9F6529DB91E400932275 /* Activity+CoreDataClass.swift in Sources */ = {isa = PBXBuildFile; fileRef = 235B9F6129DB91E400932275 /* Activity+CoreDataClass.swift */; };
		235B9F6629DB91E400932275 /* Activity+CoreDataProperties.swift in Sources */ = {isa = PBXBuildFile; fileRef = 235B9F6229DB91E400932275 /* Activity+CoreDataProperties.swift */; };
		235B9F6729DB91E400932275 /* Plan+CoreDataClass.swift in Sources */ = {isa = PBXBuildFile; fileRef = 235B9F6329DB91E400932275 /* Plan+CoreDataClass.swift */; };
		235B9F6829DB91E500932275 /* Plan+CoreDataProperties.swift in Sources */ = {isa = PBXBuildFile; fileRef = 235B9F6429DB91E400932275 /* Plan+CoreDataProperties.swift */; };
		235B9F6A29DF85F900932275 /* DropDown.swift in Sources */ = {isa = PBXBuildFile; fileRef = 235B9F6929DF85F800932275 /* DropDown.swift */; };
		2397C5D329C6CF8D00C27E4C /* CustomShareActivity.swift in Sources */ = {isa = PBXBuildFile; fileRef = 2397C5D229C6CF8D00C27E4C /* CustomShareActivity.swift */; };
		2397C5D529CA373D00C27E4C /* EditAddActViewController.swift in Sources */ = {isa = PBXBuildFile; fileRef = 2397C5D429CA373D00C27E4C /* EditAddActViewController.swift */; };
		23A9E21629A95BAE0086E1C4 /* SavedPlanViewController.swift in Sources */ = {isa = PBXBuildFile; fileRef = 23A9E21529A95BAE0086E1C4 /* SavedPlanViewController.swift */; };
		23A9E21829A9701B0086E1C4 /* DetailsViewController.swift in Sources */ = {isa = PBXBuildFile; fileRef = 23A9E21729A9701B0086E1C4 /* DetailsViewController.swift */; };
		23A9E21A29A9703B0086E1C4 /* PlanViewController.swift in Sources */ = {isa = PBXBuildFile; fileRef = 23A9E21929A9703B0086E1C4 /* PlanViewController.swift */; };
		23A9E21C29A970590086E1C4 /* ActivitySearchViewController.swift in Sources */ = {isa = PBXBuildFile; fileRef = 23A9E21B29A970590086E1C4 /* ActivitySearchViewController.swift */; };
		23A9E21E29A970AB0086E1C4 /* GeneratedPlanViewController.swift in Sources */ = {isa = PBXBuildFile; fileRef = 23A9E21D29A970AB0086E1C4 /* GeneratedPlanViewController.swift */; };
		23A9E25F29AAE9EF0086E1C4 /* Poppins-ExtraLight.ttf in Resources */ = {isa = PBXBuildFile; fileRef = 23A9E24C29AAE9EF0086E1C4 /* Poppins-ExtraLight.ttf */; };
		23A9E26029AAE9EF0086E1C4 /* Poppins-ThinItalic.ttf in Resources */ = {isa = PBXBuildFile; fileRef = 23A9E24D29AAE9EF0086E1C4 /* Poppins-ThinItalic.ttf */; };
		23A9E26129AAE9EF0086E1C4 /* Poppins-ExtraLightItalic.ttf in Resources */ = {isa = PBXBuildFile; fileRef = 23A9E24E29AAE9EF0086E1C4 /* Poppins-ExtraLightItalic.ttf */; };
		23A9E26229AAE9EF0086E1C4 /* Poppins-BoldItalic.ttf in Resources */ = {isa = PBXBuildFile; fileRef = 23A9E24F29AAE9EF0086E1C4 /* Poppins-BoldItalic.ttf */; };
		23A9E26329AAE9EF0086E1C4 /* Poppins-Light.ttf in Resources */ = {isa = PBXBuildFile; fileRef = 23A9E25029AAE9EF0086E1C4 /* Poppins-Light.ttf */; };
		23A9E26429AAE9EF0086E1C4 /* Poppins-Medium.ttf in Resources */ = {isa = PBXBuildFile; fileRef = 23A9E25129AAE9EF0086E1C4 /* Poppins-Medium.ttf */; };
		23A9E26529AAE9EF0086E1C4 /* Poppins-SemiBoldItalic.ttf in Resources */ = {isa = PBXBuildFile; fileRef = 23A9E25229AAE9EF0086E1C4 /* Poppins-SemiBoldItalic.ttf */; };
		23A9E26629AAE9EF0086E1C4 /* Poppins-ExtraBoldItalic.ttf in Resources */ = {isa = PBXBuildFile; fileRef = 23A9E25329AAE9EF0086E1C4 /* Poppins-ExtraBoldItalic.ttf */; };
		23A9E26729AAE9EF0086E1C4 /* Poppins-ExtraBold.ttf in Resources */ = {isa = PBXBuildFile; fileRef = 23A9E25429AAE9EF0086E1C4 /* Poppins-ExtraBold.ttf */; };
		23A9E26829AAE9EF0086E1C4 /* Poppins-BlackItalic.ttf in Resources */ = {isa = PBXBuildFile; fileRef = 23A9E25529AAE9EF0086E1C4 /* Poppins-BlackItalic.ttf */; };
		23A9E26929AAE9EF0086E1C4 /* OFL.txt in Resources */ = {isa = PBXBuildFile; fileRef = 23A9E25629AAE9EF0086E1C4 /* OFL.txt */; };
		23A9E26A29AAE9EF0086E1C4 /* Poppins-Regular.ttf in Resources */ = {isa = PBXBuildFile; fileRef = 23A9E25729AAE9EF0086E1C4 /* Poppins-Regular.ttf */; };
		23A9E26B29AAE9EF0086E1C4 /* Poppins-LightItalic.ttf in Resources */ = {isa = PBXBuildFile; fileRef = 23A9E25829AAE9EF0086E1C4 /* Poppins-LightItalic.ttf */; };
		23A9E26C29AAE9EF0086E1C4 /* Poppins-Bold.ttf in Resources */ = {isa = PBXBuildFile; fileRef = 23A9E25929AAE9EF0086E1C4 /* Poppins-Bold.ttf */; };
		23A9E26D29AAE9EF0086E1C4 /* Poppins-Black.ttf in Resources */ = {isa = PBXBuildFile; fileRef = 23A9E25A29AAE9EF0086E1C4 /* Poppins-Black.ttf */; };
		23A9E26E29AAE9EF0086E1C4 /* Poppins-Thin.ttf in Resources */ = {isa = PBXBuildFile; fileRef = 23A9E25B29AAE9EF0086E1C4 /* Poppins-Thin.ttf */; };
		23A9E26F29AAE9EF0086E1C4 /* Poppins-SemiBold.ttf in Resources */ = {isa = PBXBuildFile; fileRef = 23A9E25C29AAE9EF0086E1C4 /* Poppins-SemiBold.ttf */; };
		23A9E27029AAE9EF0086E1C4 /* Poppins-Italic.ttf in Resources */ = {isa = PBXBuildFile; fileRef = 23A9E25D29AAE9EF0086E1C4 /* Poppins-Italic.ttf */; };
		23A9E27129AAE9EF0086E1C4 /* Poppins-MediumItalic.ttf in Resources */ = {isa = PBXBuildFile; fileRef = 23A9E25E29AAE9EF0086E1C4 /* Poppins-MediumItalic.ttf */; };
		23ADE44429C144EC002153B9 /* CustomActivityTableViewCell.swift in Sources */ = {isa = PBXBuildFile; fileRef = 23ADE44329C144EC002153B9 /* CustomActivityTableViewCell.swift */; };
		23ADE44A29C147E5002153B9 /* CustomAddTableViewCell.swift in Sources */ = {isa = PBXBuildFile; fileRef = 23ADE44929C147E5002153B9 /* CustomAddTableViewCell.swift */; };
		23D107E329D254DB009E38A3 /* AnimationViewController.swift in Sources */ = {isa = PBXBuildFile; fileRef = 23D107E229D254DB009E38A3 /* AnimationViewController.swift */; };
		23EB22E829CCE2410063CFA1 /* DurationInputViewController.swift in Sources */ = {isa = PBXBuildFile; fileRef = 23EB22E729CCE2410063CFA1 /* DurationInputViewController.swift */; };
		641748CC298D8E3B0070A44F /* AppDelegate.swift in Sources */ = {isa = PBXBuildFile; fileRef = 641748CB298D8E3B0070A44F /* AppDelegate.swift */; };
		641748CE298D8E3B0070A44F /* SceneDelegate.swift in Sources */ = {isa = PBXBuildFile; fileRef = 641748CD298D8E3B0070A44F /* SceneDelegate.swift */; };
		641748D0298D8E3B0070A44F /* HomeViewController.swift in Sources */ = {isa = PBXBuildFile; fileRef = 641748CF298D8E3B0070A44F /* HomeViewController.swift */; };
		641748D3298D8E3B0070A44F /* Main.storyboard in Resources */ = {isa = PBXBuildFile; fileRef = 641748D1298D8E3B0070A44F /* Main.storyboard */; };
		641748D6298D8E3B0070A44F /* PlanA.xcdatamodeld in Sources */ = {isa = PBXBuildFile; fileRef = 641748D4298D8E3B0070A44F /* PlanA.xcdatamodeld */; };
		641748D8298D8E400070A44F /* Assets.xcassets in Resources */ = {isa = PBXBuildFile; fileRef = 641748D7298D8E400070A44F /* Assets.xcassets */; };
		641748DB298D8E400070A44F /* LaunchScreen.storyboard in Resources */ = {isa = PBXBuildFile; fileRef = 641748D9298D8E400070A44F /* LaunchScreen.storyboard */; };
		642DA51529CAA4770059E6E0 /* CustomActivitySearchTableViewCell.swift in Sources */ = {isa = PBXBuildFile; fileRef = 642DA51429CAA4770059E6E0 /* CustomActivitySearchTableViewCell.swift */; };
		64CE147F29C524F500AC60BA /* CustomActivityCategoryTableViewCell.swift in Sources */ = {isa = PBXBuildFile; fileRef = 64CE147E29C524F500AC60BA /* CustomActivityCategoryTableViewCell.swift */; };
		64CE148129C5252B00AC60BA /* CustomAddActivityBoxTableViewCell.swift in Sources */ = {isa = PBXBuildFile; fileRef = 64CE148029C5252B00AC60BA /* CustomAddActivityBoxTableViewCell.swift */; };
		64D56CA329AEC13F0000BF4C /* GoogleServices.swift in Sources */ = {isa = PBXBuildFile; fileRef = 64D56CA229AEC13E0000BF4C /* GoogleServices.swift */; };
		DCB0C18770EBE06A4738D9CB /* Pods_PlanA.framework in Frameworks */ = {isa = PBXBuildFile; fileRef = 5AAF002486C4AC7301A6E59C /* Pods_PlanA.framework */; };
/* End PBXBuildFile section */

/* Begin PBXFileReference section */
		0D61595F2DAD4F67C8CF3F7E /* Pods-PlanA.release.xcconfig */ = {isa = PBXFileReference; includeInIndex = 1; lastKnownFileType = text.xcconfig; name = "Pods-PlanA.release.xcconfig"; path = "Target Support Files/Pods-PlanA/Pods-PlanA.release.xcconfig"; sourceTree = "<group>"; };
		235B9F6129DB91E400932275 /* Activity+CoreDataClass.swift */ = {isa = PBXFileReference; lastKnownFileType = sourcecode.swift; path = "Activity+CoreDataClass.swift"; sourceTree = "<group>"; };
		235B9F6229DB91E400932275 /* Activity+CoreDataProperties.swift */ = {isa = PBXFileReference; lastKnownFileType = sourcecode.swift; path = "Activity+CoreDataProperties.swift"; sourceTree = "<group>"; };
		235B9F6329DB91E400932275 /* Plan+CoreDataClass.swift */ = {isa = PBXFileReference; lastKnownFileType = sourcecode.swift; path = "Plan+CoreDataClass.swift"; sourceTree = "<group>"; };
		235B9F6429DB91E400932275 /* Plan+CoreDataProperties.swift */ = {isa = PBXFileReference; lastKnownFileType = sourcecode.swift; path = "Plan+CoreDataProperties.swift"; sourceTree = "<group>"; };
		235B9F6929DF85F800932275 /* DropDown.swift */ = {isa = PBXFileReference; lastKnownFileType = sourcecode.swift; path = DropDown.swift; sourceTree = "<group>"; };
		2397C5D229C6CF8D00C27E4C /* CustomShareActivity.swift */ = {isa = PBXFileReference; lastKnownFileType = sourcecode.swift; path = CustomShareActivity.swift; sourceTree = "<group>"; };
		2397C5D429CA373D00C27E4C /* EditAddActViewController.swift */ = {isa = PBXFileReference; lastKnownFileType = sourcecode.swift; path = EditAddActViewController.swift; sourceTree = "<group>"; };
		23A9E21529A95BAE0086E1C4 /* SavedPlanViewController.swift */ = {isa = PBXFileReference; lastKnownFileType = sourcecode.swift; path = SavedPlanViewController.swift; sourceTree = "<group>"; };
		23A9E21729A9701B0086E1C4 /* DetailsViewController.swift */ = {isa = PBXFileReference; lastKnownFileType = sourcecode.swift; path = DetailsViewController.swift; sourceTree = "<group>"; };
		23A9E21929A9703B0086E1C4 /* PlanViewController.swift */ = {isa = PBXFileReference; lastKnownFileType = sourcecode.swift; path = PlanViewController.swift; sourceTree = "<group>"; };
		23A9E21B29A970590086E1C4 /* ActivitySearchViewController.swift */ = {isa = PBXFileReference; lastKnownFileType = sourcecode.swift; path = ActivitySearchViewController.swift; sourceTree = "<group>"; };
		23A9E21D29A970AB0086E1C4 /* GeneratedPlanViewController.swift */ = {isa = PBXFileReference; lastKnownFileType = sourcecode.swift; path = GeneratedPlanViewController.swift; sourceTree = "<group>"; };
		23A9E24C29AAE9EF0086E1C4 /* Poppins-ExtraLight.ttf */ = {isa = PBXFileReference; lastKnownFileType = file; path = "Poppins-ExtraLight.ttf"; sourceTree = "<group>"; };
		23A9E24D29AAE9EF0086E1C4 /* Poppins-ThinItalic.ttf */ = {isa = PBXFileReference; lastKnownFileType = file; path = "Poppins-ThinItalic.ttf"; sourceTree = "<group>"; };
		23A9E24E29AAE9EF0086E1C4 /* Poppins-ExtraLightItalic.ttf */ = {isa = PBXFileReference; lastKnownFileType = file; path = "Poppins-ExtraLightItalic.ttf"; sourceTree = "<group>"; };
		23A9E24F29AAE9EF0086E1C4 /* Poppins-BoldItalic.ttf */ = {isa = PBXFileReference; lastKnownFileType = file; path = "Poppins-BoldItalic.ttf"; sourceTree = "<group>"; };
		23A9E25029AAE9EF0086E1C4 /* Poppins-Light.ttf */ = {isa = PBXFileReference; lastKnownFileType = file; path = "Poppins-Light.ttf"; sourceTree = "<group>"; };
		23A9E25129AAE9EF0086E1C4 /* Poppins-Medium.ttf */ = {isa = PBXFileReference; lastKnownFileType = file; path = "Poppins-Medium.ttf"; sourceTree = "<group>"; };
		23A9E25229AAE9EF0086E1C4 /* Poppins-SemiBoldItalic.ttf */ = {isa = PBXFileReference; lastKnownFileType = file; path = "Poppins-SemiBoldItalic.ttf"; sourceTree = "<group>"; };
		23A9E25329AAE9EF0086E1C4 /* Poppins-ExtraBoldItalic.ttf */ = {isa = PBXFileReference; lastKnownFileType = file; path = "Poppins-ExtraBoldItalic.ttf"; sourceTree = "<group>"; };
		23A9E25429AAE9EF0086E1C4 /* Poppins-ExtraBold.ttf */ = {isa = PBXFileReference; lastKnownFileType = file; path = "Poppins-ExtraBold.ttf"; sourceTree = "<group>"; };
		23A9E25529AAE9EF0086E1C4 /* Poppins-BlackItalic.ttf */ = {isa = PBXFileReference; lastKnownFileType = file; path = "Poppins-BlackItalic.ttf"; sourceTree = "<group>"; };
		23A9E25629AAE9EF0086E1C4 /* OFL.txt */ = {isa = PBXFileReference; fileEncoding = 4; lastKnownFileType = text; path = OFL.txt; sourceTree = "<group>"; };
		23A9E25729AAE9EF0086E1C4 /* Poppins-Regular.ttf */ = {isa = PBXFileReference; lastKnownFileType = file; path = "Poppins-Regular.ttf"; sourceTree = "<group>"; };
		23A9E25829AAE9EF0086E1C4 /* Poppins-LightItalic.ttf */ = {isa = PBXFileReference; lastKnownFileType = file; path = "Poppins-LightItalic.ttf"; sourceTree = "<group>"; };
		23A9E25929AAE9EF0086E1C4 /* Poppins-Bold.ttf */ = {isa = PBXFileReference; lastKnownFileType = file; path = "Poppins-Bold.ttf"; sourceTree = "<group>"; };
		23A9E25A29AAE9EF0086E1C4 /* Poppins-Black.ttf */ = {isa = PBXFileReference; lastKnownFileType = file; path = "Poppins-Black.ttf"; sourceTree = "<group>"; };
		23A9E25B29AAE9EF0086E1C4 /* Poppins-Thin.ttf */ = {isa = PBXFileReference; lastKnownFileType = file; path = "Poppins-Thin.ttf"; sourceTree = "<group>"; };
		23A9E25C29AAE9EF0086E1C4 /* Poppins-SemiBold.ttf */ = {isa = PBXFileReference; lastKnownFileType = file; path = "Poppins-SemiBold.ttf"; sourceTree = "<group>"; };
		23A9E25D29AAE9EF0086E1C4 /* Poppins-Italic.ttf */ = {isa = PBXFileReference; lastKnownFileType = file; path = "Poppins-Italic.ttf"; sourceTree = "<group>"; };
		23A9E25E29AAE9EF0086E1C4 /* Poppins-MediumItalic.ttf */ = {isa = PBXFileReference; lastKnownFileType = file; path = "Poppins-MediumItalic.ttf"; sourceTree = "<group>"; };
		23ADE44329C144EC002153B9 /* CustomActivityTableViewCell.swift */ = {isa = PBXFileReference; lastKnownFileType = sourcecode.swift; path = CustomActivityTableViewCell.swift; sourceTree = "<group>"; };
		23ADE44929C147E5002153B9 /* CustomAddTableViewCell.swift */ = {isa = PBXFileReference; lastKnownFileType = sourcecode.swift; path = CustomAddTableViewCell.swift; sourceTree = "<group>"; };
		23D107E229D254DB009E38A3 /* AnimationViewController.swift */ = {isa = PBXFileReference; lastKnownFileType = sourcecode.swift; path = AnimationViewController.swift; sourceTree = "<group>"; };
		23EB22E729CCE2410063CFA1 /* DurationInputViewController.swift */ = {isa = PBXFileReference; lastKnownFileType = sourcecode.swift; path = DurationInputViewController.swift; sourceTree = "<group>"; };
		5AAF002486C4AC7301A6E59C /* Pods_PlanA.framework */ = {isa = PBXFileReference; explicitFileType = wrapper.framework; includeInIndex = 0; path = Pods_PlanA.framework; sourceTree = BUILT_PRODUCTS_DIR; };
		641748C8298D8E3B0070A44F /* PlanA.app */ = {isa = PBXFileReference; explicitFileType = wrapper.application; includeInIndex = 0; path = PlanA.app; sourceTree = BUILT_PRODUCTS_DIR; };
		641748CB298D8E3B0070A44F /* AppDelegate.swift */ = {isa = PBXFileReference; lastKnownFileType = sourcecode.swift; path = AppDelegate.swift; sourceTree = "<group>"; };
		641748CD298D8E3B0070A44F /* SceneDelegate.swift */ = {isa = PBXFileReference; lastKnownFileType = sourcecode.swift; path = SceneDelegate.swift; sourceTree = "<group>"; };
		641748CF298D8E3B0070A44F /* HomeViewController.swift */ = {isa = PBXFileReference; lastKnownFileType = sourcecode.swift; path = HomeViewController.swift; sourceTree = "<group>"; };
		641748D2298D8E3B0070A44F /* Base */ = {isa = PBXFileReference; lastKnownFileType = file.storyboard; name = Base; path = Base.lproj/Main.storyboard; sourceTree = "<group>"; };
		641748D5298D8E3B0070A44F /* PlanA.xcdatamodel */ = {isa = PBXFileReference; lastKnownFileType = wrapper.xcdatamodel; path = PlanA.xcdatamodel; sourceTree = "<group>"; };
		641748D7298D8E400070A44F /* Assets.xcassets */ = {isa = PBXFileReference; lastKnownFileType = folder.assetcatalog; path = Assets.xcassets; sourceTree = "<group>"; };
		641748DA298D8E400070A44F /* Base */ = {isa = PBXFileReference; lastKnownFileType = file.storyboard; name = Base; path = Base.lproj/LaunchScreen.storyboard; sourceTree = "<group>"; };
		641748DC298D8E400070A44F /* Info.plist */ = {isa = PBXFileReference; lastKnownFileType = text.plist.xml; path = Info.plist; sourceTree = "<group>"; };
		642DA51429CAA4770059E6E0 /* CustomActivitySearchTableViewCell.swift */ = {isa = PBXFileReference; lastKnownFileType = sourcecode.swift; path = CustomActivitySearchTableViewCell.swift; sourceTree = "<group>"; };
		64CE147E29C524F500AC60BA /* CustomActivityCategoryTableViewCell.swift */ = {isa = PBXFileReference; lastKnownFileType = sourcecode.swift; path = CustomActivityCategoryTableViewCell.swift; sourceTree = "<group>"; };
		64CE148029C5252B00AC60BA /* CustomAddActivityBoxTableViewCell.swift */ = {isa = PBXFileReference; lastKnownFileType = sourcecode.swift; path = CustomAddActivityBoxTableViewCell.swift; sourceTree = "<group>"; };
		64D56CA229AEC13E0000BF4C /* GoogleServices.swift */ = {isa = PBXFileReference; lastKnownFileType = sourcecode.swift; path = GoogleServices.swift; sourceTree = "<group>"; };
		D0CB7BFB8B37E8EC2EDCA737 /* Pods-PlanA.debug.xcconfig */ = {isa = PBXFileReference; includeInIndex = 1; lastKnownFileType = text.xcconfig; name = "Pods-PlanA.debug.xcconfig"; path = "Target Support Files/Pods-PlanA/Pods-PlanA.debug.xcconfig"; sourceTree = "<group>"; };
/* End PBXFileReference section */

/* Begin PBXFrameworksBuildPhase section */
		641748C5298D8E3B0070A44F /* Frameworks */ = {
			isa = PBXFrameworksBuildPhase;
			buildActionMask = 2147483647;
			files = (
				DCB0C18770EBE06A4738D9CB /* Pods_PlanA.framework in Frameworks */,
			);
			runOnlyForDeploymentPostprocessing = 0;
		};
/* End PBXFrameworksBuildPhase section */

/* Begin PBXGroup section */
		233FD72F29B14C6A00D652BA /* Model */ = {
			isa = PBXGroup;
			children = (
				235B9F6129DB91E400932275 /* Activity+CoreDataClass.swift */,
				235B9F6229DB91E400932275 /* Activity+CoreDataProperties.swift */,
				235B9F6329DB91E400932275 /* Plan+CoreDataClass.swift */,
				235B9F6429DB91E400932275 /* Plan+CoreDataProperties.swift */,
			);
			path = Model;
			sourceTree = "<group>";
		};
		23A9E24B29AAE9EF0086E1C4 /* Font */ = {
			isa = PBXGroup;
			children = (
				23A9E24C29AAE9EF0086E1C4 /* Poppins-ExtraLight.ttf */,
				23A9E24D29AAE9EF0086E1C4 /* Poppins-ThinItalic.ttf */,
				23A9E24E29AAE9EF0086E1C4 /* Poppins-ExtraLightItalic.ttf */,
				23A9E24F29AAE9EF0086E1C4 /* Poppins-BoldItalic.ttf */,
				23A9E25029AAE9EF0086E1C4 /* Poppins-Light.ttf */,
				23A9E25129AAE9EF0086E1C4 /* Poppins-Medium.ttf */,
				23A9E25229AAE9EF0086E1C4 /* Poppins-SemiBoldItalic.ttf */,
				23A9E25329AAE9EF0086E1C4 /* Poppins-ExtraBoldItalic.ttf */,
				23A9E25429AAE9EF0086E1C4 /* Poppins-ExtraBold.ttf */,
				23A9E25529AAE9EF0086E1C4 /* Poppins-BlackItalic.ttf */,
				23A9E25629AAE9EF0086E1C4 /* OFL.txt */,
				23A9E25729AAE9EF0086E1C4 /* Poppins-Regular.ttf */,
				23A9E25829AAE9EF0086E1C4 /* Poppins-LightItalic.ttf */,
				23A9E25929AAE9EF0086E1C4 /* Poppins-Bold.ttf */,
				23A9E25A29AAE9EF0086E1C4 /* Poppins-Black.ttf */,
				23A9E25B29AAE9EF0086E1C4 /* Poppins-Thin.ttf */,
				23A9E25C29AAE9EF0086E1C4 /* Poppins-SemiBold.ttf */,
				23A9E25D29AAE9EF0086E1C4 /* Poppins-Italic.ttf */,
				23A9E25E29AAE9EF0086E1C4 /* Poppins-MediumItalic.ttf */,
			);
			path = Font;
			sourceTree = "<group>";
		};
		23ADE44B29C14932002153B9 /* Custom Table Cell */ = {
			isa = PBXGroup;
			children = (
				23ADE44929C147E5002153B9 /* CustomAddTableViewCell.swift */,
				23ADE44329C144EC002153B9 /* CustomActivityTableViewCell.swift */,
				64CE147E29C524F500AC60BA /* CustomActivityCategoryTableViewCell.swift */,
				64CE148029C5252B00AC60BA /* CustomAddActivityBoxTableViewCell.swift */,
				642DA51429CAA4770059E6E0 /* CustomActivitySearchTableViewCell.swift */,
			);
			path = "Custom Table Cell";
			sourceTree = "<group>";
		};
		641748BF298D8E3B0070A44F = {
			isa = PBXGroup;
			children = (
				641748CA298D8E3B0070A44F /* PlanA */,
				641748C9298D8E3B0070A44F /* Products */,
				ACEF798E0E8325B269EBA42B /* Pods */,
				BF9CE00B09D81CB922414DC0 /* Frameworks */,
			);
			sourceTree = "<group>";
		};
		641748C9298D8E3B0070A44F /* Products */ = {
			isa = PBXGroup;
			children = (
				641748C8298D8E3B0070A44F /* PlanA.app */,
			);
			name = Products;
			sourceTree = "<group>";
		};
		641748CA298D8E3B0070A44F /* PlanA */ = {
			isa = PBXGroup;
			children = (
				233FD72F29B14C6A00D652BA /* Model */,
				641748CB298D8E3B0070A44F /* AppDelegate.swift */,
				641748CD298D8E3B0070A44F /* SceneDelegate.swift */,
				23D107E229D254DB009E38A3 /* AnimationViewController.swift */,
				641748CF298D8E3B0070A44F /* HomeViewController.swift */,
				23A9E21529A95BAE0086E1C4 /* SavedPlanViewController.swift */,
				23A9E21729A9701B0086E1C4 /* DetailsViewController.swift */,
				23A9E21929A9703B0086E1C4 /* PlanViewController.swift */,
				23A9E21B29A970590086E1C4 /* ActivitySearchViewController.swift */,
				23EB22E729CCE2410063CFA1 /* DurationInputViewController.swift */,
				23A9E21D29A970AB0086E1C4 /* GeneratedPlanViewController.swift */,
				2397C5D429CA373D00C27E4C /* EditAddActViewController.swift */,
				641748D1298D8E3B0070A44F /* Main.storyboard */,
				641748D9298D8E400070A44F /* LaunchScreen.storyboard */,
				2397C5D229C6CF8D00C27E4C /* CustomShareActivity.swift */,
				235B9F6929DF85F800932275 /* DropDown.swift */,
				23ADE44B29C14932002153B9 /* Custom Table Cell */,
				641748DC298D8E400070A44F /* Info.plist */,
				64D56CA229AEC13E0000BF4C /* GoogleServices.swift */,
				641748D7298D8E400070A44F /* Assets.xcassets */,
				23A9E24B29AAE9EF0086E1C4 /* Font */,
				641748D4298D8E3B0070A44F /* PlanA.xcdatamodeld */,
			);
			path = PlanA;
			sourceTree = "<group>";
		};
		ACEF798E0E8325B269EBA42B /* Pods */ = {
			isa = PBXGroup;
			children = (
				D0CB7BFB8B37E8EC2EDCA737 /* Pods-PlanA.debug.xcconfig */,
				0D61595F2DAD4F67C8CF3F7E /* Pods-PlanA.release.xcconfig */,
			);
			path = Pods;
			sourceTree = "<group>";
		};
		BF9CE00B09D81CB922414DC0 /* Frameworks */ = {
			isa = PBXGroup;
			children = (
				5AAF002486C4AC7301A6E59C /* Pods_PlanA.framework */,
			);
			name = Frameworks;
			sourceTree = "<group>";
		};
/* End PBXGroup section */

/* Begin PBXNativeTarget section */
		641748C7298D8E3B0070A44F /* PlanA */ = {
			isa = PBXNativeTarget;
			buildConfigurationList = 641748DF298D8E400070A44F /* Build configuration list for PBXNativeTarget "PlanA" */;
			buildPhases = (
				12BDBC5A3AA820C1DAD8D88C /* [CP] Check Pods Manifest.lock */,
				641748C4298D8E3B0070A44F /* Sources */,
				641748C5298D8E3B0070A44F /* Frameworks */,
				641748C6298D8E3B0070A44F /* Resources */,
				30737497ACA933986E78B6AE /* [CP] Copy Pods Resources */,
				0119C373220CD7FA522C12D8 /* [CP] Embed Pods Frameworks */,
			);
			buildRules = (
			);
			dependencies = (
			);
			name = PlanA;
			productName = PlanA;
			productReference = 641748C8298D8E3B0070A44F /* PlanA.app */;
			productType = "com.apple.product-type.application";
		};
/* End PBXNativeTarget section */

/* Begin PBXProject section */
		641748C0298D8E3B0070A44F /* Project object */ = {
			isa = PBXProject;
			attributes = {
				BuildIndependentTargetsInParallel = 1;
				LastSwiftUpdateCheck = 1420;
				LastUpgradeCheck = 1420;
				TargetAttributes = {
					641748C7298D8E3B0070A44F = {
						CreatedOnToolsVersion = 14.2;
					};
				};
			};
			buildConfigurationList = 641748C3298D8E3B0070A44F /* Build configuration list for PBXProject "PlanA" */;
			compatibilityVersion = "Xcode 14.0";
			developmentRegion = en;
			hasScannedForEncodings = 0;
			knownRegions = (
				en,
				Base,
			);
			mainGroup = 641748BF298D8E3B0070A44F;
			productRefGroup = 641748C9298D8E3B0070A44F /* Products */;
			projectDirPath = "";
			projectRoot = "";
			targets = (
				641748C7298D8E3B0070A44F /* PlanA */,
			);
		};
/* End PBXProject section */

/* Begin PBXResourcesBuildPhase section */
		641748C6298D8E3B0070A44F /* Resources */ = {
			isa = PBXResourcesBuildPhase;
			buildActionMask = 2147483647;
			files = (
				23A9E26E29AAE9EF0086E1C4 /* Poppins-Thin.ttf in Resources */,
				23A9E27129AAE9EF0086E1C4 /* Poppins-MediumItalic.ttf in Resources */,
				23A9E26929AAE9EF0086E1C4 /* OFL.txt in Resources */,
				23A9E26129AAE9EF0086E1C4 /* Poppins-ExtraLightItalic.ttf in Resources */,
				23A9E26829AAE9EF0086E1C4 /* Poppins-BlackItalic.ttf in Resources */,
				23A9E25F29AAE9EF0086E1C4 /* Poppins-ExtraLight.ttf in Resources */,
				23A9E26F29AAE9EF0086E1C4 /* Poppins-SemiBold.ttf in Resources */,
				23A9E26229AAE9EF0086E1C4 /* Poppins-BoldItalic.ttf in Resources */,
				23A9E26329AAE9EF0086E1C4 /* Poppins-Light.ttf in Resources */,
				23A9E26D29AAE9EF0086E1C4 /* Poppins-Black.ttf in Resources */,
				23A9E27029AAE9EF0086E1C4 /* Poppins-Italic.ttf in Resources */,
				23A9E26729AAE9EF0086E1C4 /* Poppins-ExtraBold.ttf in Resources */,
				23A9E26B29AAE9EF0086E1C4 /* Poppins-LightItalic.ttf in Resources */,
				641748DB298D8E400070A44F /* LaunchScreen.storyboard in Resources */,
				23A9E26529AAE9EF0086E1C4 /* Poppins-SemiBoldItalic.ttf in Resources */,
				23A9E26A29AAE9EF0086E1C4 /* Poppins-Regular.ttf in Resources */,
				23A9E26629AAE9EF0086E1C4 /* Poppins-ExtraBoldItalic.ttf in Resources */,
				23A9E26C29AAE9EF0086E1C4 /* Poppins-Bold.ttf in Resources */,
				23A9E26029AAE9EF0086E1C4 /* Poppins-ThinItalic.ttf in Resources */,
				23A9E26429AAE9EF0086E1C4 /* Poppins-Medium.ttf in Resources */,
				641748D8298D8E400070A44F /* Assets.xcassets in Resources */,
				641748D3298D8E3B0070A44F /* Main.storyboard in Resources */,
			);
			runOnlyForDeploymentPostprocessing = 0;
		};
/* End PBXResourcesBuildPhase section */

/* Begin PBXShellScriptBuildPhase section */
		0119C373220CD7FA522C12D8 /* [CP] Embed Pods Frameworks */ = {
			isa = PBXShellScriptBuildPhase;
			buildActionMask = 2147483647;
			files = (
			);
			inputFileListPaths = (
				"${PODS_ROOT}/Target Support Files/Pods-PlanA/Pods-PlanA-frameworks-${CONFIGURATION}-input-files.xcfilelist",
			);
			name = "[CP] Embed Pods Frameworks";
			outputFileListPaths = (
				"${PODS_ROOT}/Target Support Files/Pods-PlanA/Pods-PlanA-frameworks-${CONFIGURATION}-output-files.xcfilelist",
			);
			runOnlyForDeploymentPostprocessing = 0;
			shellPath = /bin/sh;
			shellScript = "\"${PODS_ROOT}/Target Support Files/Pods-PlanA/Pods-PlanA-frameworks.sh\"\n";
			showEnvVarsInLog = 0;
		};
		12BDBC5A3AA820C1DAD8D88C /* [CP] Check Pods Manifest.lock */ = {
			isa = PBXShellScriptBuildPhase;
			buildActionMask = 2147483647;
			files = (
			);
			inputFileListPaths = (
			);
			inputPaths = (
				"${PODS_PODFILE_DIR_PATH}/Podfile.lock",
				"${PODS_ROOT}/Manifest.lock",
			);
			name = "[CP] Check Pods Manifest.lock";
			outputFileListPaths = (
			);
			outputPaths = (
				"$(DERIVED_FILE_DIR)/Pods-PlanA-checkManifestLockResult.txt",
			);
			runOnlyForDeploymentPostprocessing = 0;
			shellPath = /bin/sh;
			shellScript = "diff \"${PODS_PODFILE_DIR_PATH}/Podfile.lock\" \"${PODS_ROOT}/Manifest.lock\" > /dev/null\nif [ $? != 0 ] ; then\n    # print error to STDERR\n    echo \"error: The sandbox is not in sync with the Podfile.lock. Run 'pod install' or update your CocoaPods installation.\" >&2\n    exit 1\nfi\n# This output is used by Xcode 'outputs' to avoid re-running this script phase.\necho \"SUCCESS\" > \"${SCRIPT_OUTPUT_FILE_0}\"\n";
			showEnvVarsInLog = 0;
		};
		30737497ACA933986E78B6AE /* [CP] Copy Pods Resources */ = {
			isa = PBXShellScriptBuildPhase;
			buildActionMask = 2147483647;
			files = (
			);
			inputFileListPaths = (
				"${PODS_ROOT}/Target Support Files/Pods-PlanA/Pods-PlanA-resources-${CONFIGURATION}-input-files.xcfilelist",
			);
			name = "[CP] Copy Pods Resources";
			outputFileListPaths = (
				"${PODS_ROOT}/Target Support Files/Pods-PlanA/Pods-PlanA-resources-${CONFIGURATION}-output-files.xcfilelist",
			);
			runOnlyForDeploymentPostprocessing = 0;
			shellPath = /bin/sh;
			shellScript = "\"${PODS_ROOT}/Target Support Files/Pods-PlanA/Pods-PlanA-resources.sh\"\n";
			showEnvVarsInLog = 0;
		};
/* End PBXShellScriptBuildPhase section */

/* Begin PBXSourcesBuildPhase section */
		641748C4298D8E3B0070A44F /* Sources */ = {
			isa = PBXSourcesBuildPhase;
			buildActionMask = 2147483647;
			files = (
				641748D0298D8E3B0070A44F /* HomeViewController.swift in Sources */,
				641748CC298D8E3B0070A44F /* AppDelegate.swift in Sources */,
				235B9F6629DB91E400932275 /* Activity+CoreDataProperties.swift in Sources */,
				641748D6298D8E3B0070A44F /* PlanA.xcdatamodeld in Sources */,
				64CE148129C5252B00AC60BA /* CustomAddActivityBoxTableViewCell.swift in Sources */,
				2397C5D329C6CF8D00C27E4C /* CustomShareActivity.swift in Sources */,
				64D56CA329AEC13F0000BF4C /* GoogleServices.swift in Sources */,
				23A9E21E29A970AB0086E1C4 /* GeneratedPlanViewController.swift in Sources */,
				23A9E21C29A970590086E1C4 /* ActivitySearchViewController.swift in Sources */,
				235B9F6729DB91E400932275 /* Plan+CoreDataClass.swift in Sources */,
				64CE147F29C524F500AC60BA /* CustomActivityCategoryTableViewCell.swift in Sources */,
				23A9E21A29A9703B0086E1C4 /* PlanViewController.swift in Sources */,
				23D107E329D254DB009E38A3 /* AnimationViewController.swift in Sources */,
				23EB22E829CCE2410063CFA1 /* DurationInputViewController.swift in Sources */,
				235B9F6A29DF85F900932275 /* DropDown.swift in Sources */,
				641748CE298D8E3B0070A44F /* SceneDelegate.swift in Sources */,
				235B9F6529DB91E400932275 /* Activity+CoreDataClass.swift in Sources */,
				23A9E21629A95BAE0086E1C4 /* SavedPlanViewController.swift in Sources */,
				23ADE44429C144EC002153B9 /* CustomActivityTableViewCell.swift in Sources */,
				23ADE44A29C147E5002153B9 /* CustomAddTableViewCell.swift in Sources */,
				642DA51529CAA4770059E6E0 /* CustomActivitySearchTableViewCell.swift in Sources */,
				235B9F6829DB91E500932275 /* Plan+CoreDataProperties.swift in Sources */,
				23A9E21829A9701B0086E1C4 /* DetailsViewController.swift in Sources */,
				2397C5D529CA373D00C27E4C /* EditAddActViewController.swift in Sources */,
			);
			runOnlyForDeploymentPostprocessing = 0;
		};
/* End PBXSourcesBuildPhase section */

/* Begin PBXVariantGroup section */
		641748D1298D8E3B0070A44F /* Main.storyboard */ = {
			isa = PBXVariantGroup;
			children = (
				641748D2298D8E3B0070A44F /* Base */,
			);
			name = Main.storyboard;
			sourceTree = "<group>";
		};
		641748D9298D8E400070A44F /* LaunchScreen.storyboard */ = {
			isa = PBXVariantGroup;
			children = (
				641748DA298D8E400070A44F /* Base */,
			);
			name = LaunchScreen.storyboard;
			sourceTree = "<group>";
		};
/* End PBXVariantGroup section */

/* Begin XCBuildConfiguration section */
		641748DD298D8E400070A44F /* Debug */ = {
			isa = XCBuildConfiguration;
			buildSettings = {
				ALWAYS_SEARCH_USER_PATHS = NO;
				CLANG_ANALYZER_NONNULL = YES;
				CLANG_ANALYZER_NUMBER_OBJECT_CONVERSION = YES_AGGRESSIVE;
				CLANG_CXX_LANGUAGE_STANDARD = "gnu++20";
				CLANG_ENABLE_MODULES = YES;
				CLANG_ENABLE_OBJC_ARC = YES;
				CLANG_ENABLE_OBJC_WEAK = YES;
				CLANG_WARN_BLOCK_CAPTURE_AUTORELEASING = YES;
				CLANG_WARN_BOOL_CONVERSION = YES;
				CLANG_WARN_COMMA = YES;
				CLANG_WARN_CONSTANT_CONVERSION = YES;
				CLANG_WARN_DEPRECATED_OBJC_IMPLEMENTATIONS = YES;
				CLANG_WARN_DIRECT_OBJC_ISA_USAGE = YES_ERROR;
				CLANG_WARN_DOCUMENTATION_COMMENTS = YES;
				CLANG_WARN_EMPTY_BODY = YES;
				CLANG_WARN_ENUM_CONVERSION = YES;
				CLANG_WARN_INFINITE_RECURSION = YES;
				CLANG_WARN_INT_CONVERSION = YES;
				CLANG_WARN_NON_LITERAL_NULL_CONVERSION = YES;
				CLANG_WARN_OBJC_IMPLICIT_RETAIN_SELF = YES;
				CLANG_WARN_OBJC_LITERAL_CONVERSION = YES;
				CLANG_WARN_OBJC_ROOT_CLASS = YES_ERROR;
				CLANG_WARN_QUOTED_INCLUDE_IN_FRAMEWORK_HEADER = YES;
				CLANG_WARN_RANGE_LOOP_ANALYSIS = YES;
				CLANG_WARN_STRICT_PROTOTYPES = YES;
				CLANG_WARN_SUSPICIOUS_MOVE = YES;
				CLANG_WARN_UNGUARDED_AVAILABILITY = YES_AGGRESSIVE;
				CLANG_WARN_UNREACHABLE_CODE = YES;
				CLANG_WARN__DUPLICATE_METHOD_MATCH = YES;
				COPY_PHASE_STRIP = NO;
				DEBUG_INFORMATION_FORMAT = dwarf;
				ENABLE_STRICT_OBJC_MSGSEND = YES;
				ENABLE_TESTABILITY = YES;
				GCC_C_LANGUAGE_STANDARD = gnu11;
				GCC_DYNAMIC_NO_PIC = NO;
				GCC_NO_COMMON_BLOCKS = YES;
				GCC_OPTIMIZATION_LEVEL = 0;
				GCC_PREPROCESSOR_DEFINITIONS = (
					"DEBUG=1",
					"$(inherited)",
				);
				GCC_WARN_64_TO_32_BIT_CONVERSION = YES;
				GCC_WARN_ABOUT_RETURN_TYPE = YES_ERROR;
				GCC_WARN_UNDECLARED_SELECTOR = YES;
				GCC_WARN_UNINITIALIZED_AUTOS = YES_AGGRESSIVE;
				GCC_WARN_UNUSED_FUNCTION = YES;
				GCC_WARN_UNUSED_VARIABLE = YES;
				IPHONEOS_DEPLOYMENT_TARGET = 16.2;
				MTL_ENABLE_DEBUG_INFO = INCLUDE_SOURCE;
				MTL_FAST_MATH = YES;
				ONLY_ACTIVE_ARCH = YES;
				SDKROOT = iphoneos;
				SWIFT_ACTIVE_COMPILATION_CONDITIONS = DEBUG;
				SWIFT_OPTIMIZATION_LEVEL = "-Onone";
			};
			name = Debug;
		};
		641748DE298D8E400070A44F /* Release */ = {
			isa = XCBuildConfiguration;
			buildSettings = {
				ALWAYS_SEARCH_USER_PATHS = NO;
				CLANG_ANALYZER_NONNULL = YES;
				CLANG_ANALYZER_NUMBER_OBJECT_CONVERSION = YES_AGGRESSIVE;
				CLANG_CXX_LANGUAGE_STANDARD = "gnu++20";
				CLANG_ENABLE_MODULES = YES;
				CLANG_ENABLE_OBJC_ARC = YES;
				CLANG_ENABLE_OBJC_WEAK = YES;
				CLANG_WARN_BLOCK_CAPTURE_AUTORELEASING = YES;
				CLANG_WARN_BOOL_CONVERSION = YES;
				CLANG_WARN_COMMA = YES;
				CLANG_WARN_CONSTANT_CONVERSION = YES;
				CLANG_WARN_DEPRECATED_OBJC_IMPLEMENTATIONS = YES;
				CLANG_WARN_DIRECT_OBJC_ISA_USAGE = YES_ERROR;
				CLANG_WARN_DOCUMENTATION_COMMENTS = YES;
				CLANG_WARN_EMPTY_BODY = YES;
				CLANG_WARN_ENUM_CONVERSION = YES;
				CLANG_WARN_INFINITE_RECURSION = YES;
				CLANG_WARN_INT_CONVERSION = YES;
				CLANG_WARN_NON_LITERAL_NULL_CONVERSION = YES;
				CLANG_WARN_OBJC_IMPLICIT_RETAIN_SELF = YES;
				CLANG_WARN_OBJC_LITERAL_CONVERSION = YES;
				CLANG_WARN_OBJC_ROOT_CLASS = YES_ERROR;
				CLANG_WARN_QUOTED_INCLUDE_IN_FRAMEWORK_HEADER = YES;
				CLANG_WARN_RANGE_LOOP_ANALYSIS = YES;
				CLANG_WARN_STRICT_PROTOTYPES = YES;
				CLANG_WARN_SUSPICIOUS_MOVE = YES;
				CLANG_WARN_UNGUARDED_AVAILABILITY = YES_AGGRESSIVE;
				CLANG_WARN_UNREACHABLE_CODE = YES;
				CLANG_WARN__DUPLICATE_METHOD_MATCH = YES;
				COPY_PHASE_STRIP = NO;
				DEBUG_INFORMATION_FORMAT = "dwarf-with-dsym";
				ENABLE_NS_ASSERTIONS = NO;
				ENABLE_STRICT_OBJC_MSGSEND = YES;
				GCC_C_LANGUAGE_STANDARD = gnu11;
				GCC_NO_COMMON_BLOCKS = YES;
				GCC_WARN_64_TO_32_BIT_CONVERSION = YES;
				GCC_WARN_ABOUT_RETURN_TYPE = YES_ERROR;
				GCC_WARN_UNDECLARED_SELECTOR = YES;
				GCC_WARN_UNINITIALIZED_AUTOS = YES_AGGRESSIVE;
				GCC_WARN_UNUSED_FUNCTION = YES;
				GCC_WARN_UNUSED_VARIABLE = YES;
				IPHONEOS_DEPLOYMENT_TARGET = 16.2;
				MTL_ENABLE_DEBUG_INFO = NO;
				MTL_FAST_MATH = YES;
				SDKROOT = iphoneos;
				SWIFT_COMPILATION_MODE = wholemodule;
				SWIFT_OPTIMIZATION_LEVEL = "-O";
				VALIDATE_PRODUCT = YES;
			};
			name = Release;
		};
		641748E0298D8E400070A44F /* Debug */ = {
			isa = XCBuildConfiguration;
			baseConfigurationReference = D0CB7BFB8B37E8EC2EDCA737 /* Pods-PlanA.debug.xcconfig */;
			buildSettings = {
				ASSETCATALOG_COMPILER_APPICON_NAME = AppIcon;
				ASSETCATALOG_COMPILER_GLOBAL_ACCENT_COLOR_NAME = AccentColor;
				CODE_SIGN_STYLE = Automatic;
				CURRENT_PROJECT_VERSION = 1;
				DEVELOPMENT_TEAM = 2C37UB25C7;
				GENERATE_INFOPLIST_FILE = YES;
				INFOPLIST_FILE = PlanA/Info.plist;
				INFOPLIST_KEY_CFBundleDisplayName = "Plan A";
				INFOPLIST_KEY_LSApplicationCategoryType = "public.app-category.lifestyle";
				INFOPLIST_KEY_NSLocationWhenInUseUsageDescription = "This app uses your location to search for nearby activities within a certain radius to help build a plan.";
				INFOPLIST_KEY_UIApplicationSupportsIndirectInputEvents = YES;
				INFOPLIST_KEY_UILaunchStoryboardName = LaunchScreen.storyboard;
				INFOPLIST_KEY_UIMainStoryboardFile = Main;
				INFOPLIST_KEY_UIStatusBarStyle = "";
				INFOPLIST_KEY_UISupportedInterfaceOrientations = "UIInterfaceOrientationPortrait UIInterfaceOrientationPortraitUpsideDown";
				INFOPLIST_KEY_UISupportedInterfaceOrientations_iPad = "UIInterfaceOrientationLandscapeLeft UIInterfaceOrientationLandscapeRight UIInterfaceOrientationPortrait UIInterfaceOrientationPortraitUpsideDown";
				LD_RUNPATH_SEARCH_PATHS = (
					"$(inherited)",
					"@executable_path/Frameworks",
				);
				MARKETING_VERSION = 2.0;
				PRODUCT_BUNDLE_IDENTIFIER = com.aidanPetratos.PlanA;
				PRODUCT_NAME = "$(TARGET_NAME)";
				SWIFT_EMIT_LOC_STRINGS = YES;
				SWIFT_VERSION = 5.0;
				TARGETED_DEVICE_FAMILY = "1,2";
			};
			name = Debug;
		};
		641748E1298D8E400070A44F /* Release */ = {
			isa = XCBuildConfiguration;
			baseConfigurationReference = 0D61595F2DAD4F67C8CF3F7E /* Pods-PlanA.release.xcconfig */;
			buildSettings = {
				ASSETCATALOG_COMPILER_APPICON_NAME = AppIcon;
				ASSETCATALOG_COMPILER_GLOBAL_ACCENT_COLOR_NAME = AccentColor;
				CODE_SIGN_STYLE = Automatic;
				CURRENT_PROJECT_VERSION = 1;
				DEVELOPMENT_TEAM = 2C37UB25C7;
				GENERATE_INFOPLIST_FILE = YES;
				INFOPLIST_FILE = PlanA/Info.plist;
				INFOPLIST_KEY_CFBundleDisplayName = "Plan A";
				INFOPLIST_KEY_LSApplicationCategoryType = "public.app-category.lifestyle";
				INFOPLIST_KEY_NSLocationWhenInUseUsageDescription = "This app uses your location to search for nearby activities within a certain radius to help build a plan.";
				INFOPLIST_KEY_UIApplicationSupportsIndirectInputEvents = YES;
				INFOPLIST_KEY_UILaunchStoryboardName = LaunchScreen.storyboard;
				INFOPLIST_KEY_UIMainStoryboardFile = Main;
				INFOPLIST_KEY_UIStatusBarStyle = "";
				INFOPLIST_KEY_UISupportedInterfaceOrientations = "UIInterfaceOrientationPortrait UIInterfaceOrientationPortraitUpsideDown";
				INFOPLIST_KEY_UISupportedInterfaceOrientations_iPad = "UIInterfaceOrientationLandscapeLeft UIInterfaceOrientationLandscapeRight UIInterfaceOrientationPortrait UIInterfaceOrientationPortraitUpsideDown";
				LD_RUNPATH_SEARCH_PATHS = (
					"$(inherited)",
					"@executable_path/Frameworks",
				);
				MARKETING_VERSION = 2.0;
				PRODUCT_BUNDLE_IDENTIFIER = com.aidanPetratos.PlanA;
				PRODUCT_NAME = "$(TARGET_NAME)";
				SWIFT_EMIT_LOC_STRINGS = YES;
				SWIFT_VERSION = 5.0;
				TARGETED_DEVICE_FAMILY = "1,2";
			};
			name = Release;
		};
/* End XCBuildConfiguration section */

/* Begin XCConfigurationList section */
		641748C3298D8E3B0070A44F /* Build configuration list for PBXProject "PlanA" */ = {
			isa = XCConfigurationList;
			buildConfigurations = (
				641748DD298D8E400070A44F /* Debug */,
				641748DE298D8E400070A44F /* Release */,
			);
			defaultConfigurationIsVisible = 0;
			defaultConfigurationName = Release;
		};
		641748DF298D8E400070A44F /* Build configuration list for PBXNativeTarget "PlanA" */ = {
			isa = XCConfigurationList;
			buildConfigurations = (
				641748E0298D8E400070A44F /* Debug */,
				641748E1298D8E400070A44F /* Release */,
			);
			defaultConfigurationIsVisible = 0;
			defaultConfigurationName = Release;
		};
/* End XCConfigurationList section */

/* Begin XCVersionGroup section */
		641748D4298D8E3B0070A44F /* PlanA.xcdatamodeld */ = {
			isa = XCVersionGroup;
			children = (
				641748D5298D8E3B0070A44F /* PlanA.xcdatamodel */,
			);
			currentVersion = 641748D5298D8E3B0070A44F /* PlanA.xcdatamodel */;
			path = PlanA.xcdatamodeld;
			sourceTree = "<group>";
			versionGroupType = wrapper.xcdatamodel;
		};
/* End XCVersionGroup section */
	};
	rootObject = 641748C0298D8E3B0070A44F /* Project object */;
}
